// !$*UTF8*$!
{
	archiveVersion = 1;
	classes = {
	};
	objectVersion = 46;
	objects = {

/* Begin PBXBuildFile section */
		A5FE1E0E1CAEAC1D00DFD739 /* AppDelegate.swift in Sources */ = {isa = PBXBuildFile; fileRef = A5FE1E0D1CAEAC1D00DFD739 /* AppDelegate.swift */; };
		A5FE1E101CAEAC1D00DFD739 /* MasterViewController.swift in Sources */ = {isa = PBXBuildFile; fileRef = A5FE1E0F1CAEAC1D00DFD739 /* MasterViewController.swift */; };
		A5FE1E121CAEAC1D00DFD739 /* DetailViewController.swift in Sources */ = {isa = PBXBuildFile; fileRef = A5FE1E111CAEAC1D00DFD739 /* DetailViewController.swift */; };
		A5FE1E151CAEAC1D00DFD739 /* Main.storyboard in Resources */ = {isa = PBXBuildFile; fileRef = A5FE1E131CAEAC1D00DFD739 /* Main.storyboard */; };
		A5FE1E171CAEAC1D00DFD739 /* Assets.xcassets in Resources */ = {isa = PBXBuildFile; fileRef = A5FE1E161CAEAC1D00DFD739 /* Assets.xcassets */; };
		A5FE1E1A1CAEAC1D00DFD739 /* LaunchScreen.storyboard in Resources */ = {isa = PBXBuildFile; fileRef = A5FE1E181CAEAC1D00DFD739 /* LaunchScreen.storyboard */; };
		A5FE1E221CAEC16600DFD739 /* PresidentList.plist in Resources */ = {isa = PBXBuildFile; fileRef = A5FE1E211CAEC16600DFD739 /* PresidentList.plist */; };
		A5FE1E241CAEC9A400DFD739 /* LanguageListTableViewController.swift in Sources */ = {isa = PBXBuildFile; fileRef = A5FE1E231CAEC9A400DFD739 /* LanguageListTableViewController.swift */; };
		A5FE1E261CAFB38200DFD739 /* RootViewController.swift in Sources */ = {isa = PBXBuildFile; fileRef = A5FE1E251CAFB38200DFD739 /* RootViewController.swift */; };
/* End PBXBuildFile section */

/* Begin PBXFileReference section */
		A5FE1E0A1CAEAC1D00DFD739 /* Presidents.app */ = {isa = PBXFileReference; explicitFileType = wrapper.application; includeInIndex = 0; path = Presidents.app; sourceTree = BUILT_PRODUCTS_DIR; };
		A5FE1E0D1CAEAC1D00DFD739 /* AppDelegate.swift */ = {isa = PBXFileReference; lastKnownFileType = sourcecode.swift; path = AppDelegate.swift; sourceTree = "<group>"; };
		A5FE1E0F1CAEAC1D00DFD739 /* MasterViewController.swift */ = {isa = PBXFileReference; lastKnownFileType = sourcecode.swift; path = MasterViewController.swift; sourceTree = "<group>"; };
		A5FE1E111CAEAC1D00DFD739 /* DetailViewController.swift */ = {isa = PBXFileReference; lastKnownFileType = sourcecode.swift; path = DetailViewController.swift; sourceTree = "<group>"; };
		A5FE1E141CAEAC1D00DFD739 /* Base */ = {isa = PBXFileReference; lastKnownFileType = file.storyboard; name = Base; path = Base.lproj/Main.storyboard; sourceTree = "<group>"; };
		A5FE1E161CAEAC1D00DFD739 /* Assets.xcassets */ = {isa = PBXFileReference; lastKnownFileType = folder.assetcatalog; path = Assets.xcassets; sourceTree = "<group>"; };
		A5FE1E191CAEAC1D00DFD739 /* Base */ = {isa = PBXFileReference; lastKnownFileType = file.storyboard; name = Base; path = Base.lproj/LaunchScreen.storyboard; sourceTree = "<group>"; };
		A5FE1E1B1CAEAC1D00DFD739 /* Info.plist */ = {isa = PBXFileReference; lastKnownFileType = text.plist.xml; path = Info.plist; sourceTree = "<group>"; };
		A5FE1E211CAEC16600DFD739 /* PresidentList.plist */ = {isa = PBXFileReference; fileEncoding = 4; lastKnownFileType = text.plist.xml; path = PresidentList.plist; sourceTree = "<group>"; };
		A5FE1E231CAEC9A400DFD739 /* LanguageListTableViewController.swift */ = {isa = PBXFileReference; fileEncoding = 4; lastKnownFileType = sourcecode.swift; path = LanguageListTableViewController.swift; sourceTree = "<group>"; };
		A5FE1E251CAFB38200DFD739 /* RootViewController.swift */ = {isa = PBXFileReference; fileEncoding = 4; lastKnownFileType = sourcecode.swift; path = RootViewController.swift; sourceTree = "<group>"; };
/* End PBXFileReference section */

/* Begin PBXFrameworksBuildPhase section */
		A5FE1E071CAEAC1D00DFD739 /* Frameworks */ = {
			isa = PBXFrameworksBuildPhase;
			buildActionMask = 2147483647;
			files = (
			);
			runOnlyForDeploymentPostprocessing = 0;
		};
/* End PBXFrameworksBuildPhase section */

/* Begin PBXGroup section */
		A5FE1E011CAEAC1D00DFD739 = {
			isa = PBXGroup;
			children = (
				A5FE1E0C1CAEAC1D00DFD739 /* Presidents */,
				A5FE1E0B1CAEAC1D00DFD739 /* Products */,
			);
			sourceTree = "<group>";
		};
		A5FE1E0B1CAEAC1D00DFD739 /* Products */ = {
			isa = PBXGroup;
			children = (
				A5FE1E0A1CAEAC1D00DFD739 /* Presidents.app */,
			);
			name = Products;
			sourceTree = "<group>";
		};
		A5FE1E0C1CAEAC1D00DFD739 /* Presidents */ = {
			isa = PBXGroup;
			children = (
				A5FE1E211CAEC16600DFD739 /* PresidentList.plist */,
				A5FE1E0D1CAEAC1D00DFD739 /* AppDelegate.swift */,
				A5FE1E0F1CAEAC1D00DFD739 /* MasterViewController.swift */,
				A5FE1E111CAEAC1D00DFD739 /* DetailViewController.swift */,
				A5FE1E131CAEAC1D00DFD739 /* Main.storyboard */,
				A5FE1E161CAEAC1D00DFD739 /* Assets.xcassets */,
				A5FE1E181CAEAC1D00DFD739 /* LaunchScreen.storyboard */,
				A5FE1E1B1CAEAC1D00DFD739 /* Info.plist */,
				A5FE1E231CAEC9A400DFD739 /* LanguageListTableViewController.swift */,
				A5FE1E251CAFB38200DFD739 /* RootViewController.swift */,
			);
			path = Presidents;
			sourceTree = "<group>";
		};
/* End PBXGroup section */

/* Begin PBXNativeTarget section */
		A5FE1E091CAEAC1D00DFD739 /* Presidents */ = {
			isa = PBXNativeTarget;
			buildConfigurationList = A5FE1E1E1CAEAC1D00DFD739 /* Build configuration list for PBXNativeTarget "Presidents" */;
			buildPhases = (
				A5FE1E061CAEAC1D00DFD739 /* Sources */,
				A5FE1E071CAEAC1D00DFD739 /* Frameworks */,
				A5FE1E081CAEAC1D00DFD739 /* Resources */,
			);
			buildRules = (
			);
			dependencies = (
			);
			name = Presidents;
			productName = Presidents;
			productReference = A5FE1E0A1CAEAC1D00DFD739 /* Presidents.app */;
			productType = "com.apple.product-type.application";
		};
/* End PBXNativeTarget section */

/* Begin PBXProject section */
		A5FE1E021CAEAC1D00DFD739 /* Project object */ = {
			isa = PBXProject;
			attributes = {
				LastSwiftUpdateCheck = 0720;
				LastUpgradeCheck = 0720;
				ORGANIZATIONNAME = "Sergey Bavykin";
				TargetAttributes = {
					A5FE1E091CAEAC1D00DFD739 = {
						CreatedOnToolsVersion = 7.2.1;
					};
				};
			};
			buildConfigurationList = A5FE1E051CAEAC1D00DFD739 /* Build configuration list for PBXProject "Presidents" */;
			compatibilityVersion = "Xcode 3.2";
			developmentRegion = English;
			hasScannedForEncodings = 0;
			knownRegions = (
				en,
				Base,
			);
			mainGroup = A5FE1E011CAEAC1D00DFD739;
			productRefGroup = A5FE1E0B1CAEAC1D00DFD739 /* Products */;
			projectDirPath = "";
			projectRoot = "";
			targets = (
				A5FE1E091CAEAC1D00DFD739 /* Presidents */,
			);
		};
/* End PBXProject section */

/* Begin PBXResourcesBuildPhase section */
		A5FE1E081CAEAC1D00DFD739 /* Resources */ = {
			isa = PBXResourcesBuildPhase;
			buildActionMask = 2147483647;
			files = (
				A5FE1E1A1CAEAC1D00DFD739 /* LaunchScreen.storyboard in Resources */,
				A5FE1E171CAEAC1D00DFD739 /* Assets.xcassets in Resources */,
				A5FE1E151CAEAC1D00DFD739 /* Main.storyboard in Resources */,
				A5FE1E221CAEC16600DFD739 /* PresidentList.plist in Resources */,
			);
			runOnlyForDeploymentPostprocessing = 0;
		};
/* End PBXResourcesBuildPhase section */

/* Begin PBXSourcesBuildPhase section */
		A5FE1E061CAEAC1D00DFD739 /* Sources */ = {
			isa = PBXSourcesBuildPhase;
			buildActionMask = 2147483647;
			files = (
				A5FE1E261CAFB38200DFD739 /* RootViewController.swift in Sources */,
				A5FE1E121CAEAC1D00DFD739 /* DetailViewController.swift in Sources */,
				A5FE1E101CAEAC1D00DFD739 /* MasterViewController.swift in Sources */,
				A5FE1E0E1CAEAC1D00DFD739 /* AppDelegate.swift in Sources */,
				A5FE1E241CAEC9A400DFD739 /* LanguageListTableViewController.swift in Sources */,
			);
			runOnlyForDeploymentPostprocessing = 0;
		};
/* End PBXSourcesBuildPhase section */

/* Begin PBXVariantGroup section */
		A5FE1E131CAEAC1D00DFD739 /* Main.storyboard */ = {
			isa = PBXVariantGroup;
			children = (
				A5FE1E141CAEAC1D00DFD739 /* Base */,
			);
			name = Main.storyboard;
			sourceTree = "<group>";
		};
		A5FE1E181CAEAC1D00DFD739 /* LaunchScreen.storyboard */ = {
			isa = PBXVariantGroup;
			children = (
				A5FE1E191CAEAC1D00DFD739 /* Base */,
			);
			name = LaunchScreen.storyboard;
			sourceTree = "<group>";
		};
/* End PBXVariantGroup section */

/* Begin XCBuildConfiguration section */
		A5FE1E1C1CAEAC1D00DFD739 /* Debug */ = {
			isa = XCBuildConfiguration;
			buildSettings = {
				ALWAYS_SEARCH_USER_PATHS = NO;
				CLANG_CXX_LANGUAGE_STANDARD = "gnu++0x";
				CLANG_CXX_LIBRARY = "libc++";
				CLANG_ENABLE_MODULES = YES;
				CLANG_ENABLE_OBJC_ARC = YES;
				CLANG_WARN_BOOL_CONVERSION = YES;
				CLANG_WARN_CONSTANT_CONVERSION = YES;
				CLANG_WARN_DIRECT_OBJC_ISA_USAGE = YES_ERROR;
				CLANG_WARN_EMPTY_BODY = YES;
				CLANG_WARN_ENUM_CONVERSION = YES;
				CLANG_WARN_INT_CONVERSION = YES;
				CLANG_WARN_OBJC_ROOT_CLASS = YES_ERROR;
				CLANG_WARN_UNREACHABLE_CODE = YES;
				CLANG_WARN__DUPLICATE_METHOD_MATCH = YES;
				"CODE_SIGN_IDENTITY[sdk=iphoneos*]" = "iPhone Developer";
				COPY_PHASE_STRIP = NO;
				DEBUG_INFORMATION_FORMAT = dwarf;
				ENABLE_STRICT_OBJC_MSGSEND = YES;
				ENABLE_TESTABILITY = YES;
				GCC_C_LANGUAGE_STANDARD = gnu99;
				GCC_DYNAMIC_NO_PIC = NO;
				GCC_NO_COMMON_BLOCKS = YES;
				GCC_OPTIMIZATION_LEVEL = 0;
				GCC_PREPROCESSOR_DEFINITIONS = (
					"DEBUG=1",
					"$(inherited)",
				);
				GCC_WARN_64_TO_32_BIT_CONVERSION = YES;
				GCC_WARN_ABOUT_RETURN_TYPE = YES_ERROR;
				GCC_WARN_UNDECLARED_SELECTOR = YES;
				GCC_WARN_UNINITIALIZED_AUTOS = YES_AGGRESSIVE;
				GCC_WARN_UNUSED_FUNCTION = YES;
				GCC_WARN_UNUSED_VARIABLE = YES;
				IPHONEOS_DEPLOYMENT_TARGET = 9.2;
				MTL_ENABLE_DEBUG_INFO = YES;
				ONLY_ACTIVE_ARCH = YES;
				SDKROOT = iphoneos;
				SWIFT_OPTIMIZATION_LEVEL = "-Onone";
				TARGETED_DEVICE_FAMILY = "1,2";
			};
			name = Debug;
		};
		A5FE1E1D1CAEAC1D00DFD739 /* Release */ = {
			isa = XCBuildConfiguration;
			buildSettings = {
				ALWAYS_SEARCH_USER_PATHS = NO;
				CLANG_CXX_LANGUAGE_STANDARD = "gnu++0x";
				CLANG_CXX_LIBRARY = "libc++";
				CLANG_ENABLE_MODULES = YES;
				CLANG_ENABLE_OBJC_ARC = YES;
				CLANG_WARN_BOOL_CONVERSION = YES;
				CLANG_WARN_CONSTANT_CONVERSION = YES;
				CLANG_WARN_DIRECT_OBJC_ISA_USAGE = YES_ERROR;
				CLANG_WARN_EMPTY_BODY = YES;
				CLANG_WARN_ENUM_CONVERSION = YES;
				CLANG_WARN_INT_CONVERSION = YES;
				CLANG_WARN_OBJC_ROOT_CLASS = YES_ERROR;
				CLANG_WARN_UNREACHABLE_CODE = YES;
				CLANG_WARN__DUPLICATE_METHOD_MATCH = YES;
				"CODE_SIGN_IDENTITY[sdk=iphoneos*]" = "iPhone Developer";
				COPY_PHASE_STRIP = NO;
				DEBUG_INFORMATION_FORMAT = "dwarf-with-dsym";
				ENABLE_NS_ASSERTIONS = NO;
				ENABLE_STRICT_OBJC_MSGSEND = YES;
				GCC_C_LANGUAGE_STANDARD = gnu99;
				GCC_NO_COMMON_BLOCKS = YES;
				GCC_WARN_64_TO_32_BIT_CONVERSION = YES;
				GCC_WARN_ABOUT_RETURN_TYPE = YES_ERROR;
				GCC_WARN_UNDECLARED_SELECTOR = YES;
				GCC_WARN_UNINITIALIZED_AUTOS = YES_AGGRESSIVE;
				GCC_WARN_UNUSED_FUNCTION = YES;
				GCC_WARN_UNUSED_VARIABLE = YES;
				IPHONEOS_DEPLOYMENT_TARGET = 9.2;
				MTL_ENABLE_DEBUG_INFO = NO;
				SDKROOT = iphoneos;
				TARGETED_DEVICE_FAMILY = "1,2";
				VALIDATE_PRODUCT = YES;
			};
			name = Release;
		};
		A5FE1E1F1CAEAC1D00DFD739 /* Debug */ = {
			isa = XCBuildConfiguration;
			buildSettings = {
				ASSETCATALOG_COMPILER_APPICON_NAME = AppIcon;
				INFOPLIST_FILE = Presidents/Info.plist;
				LD_RUNPATH_SEARCH_PATHS = "$(inherited) @executable_path/Frameworks";
				PRODUCT_BUNDLE_IDENTIFIER = pi.Presidents;
				PRODUCT_NAME = "$(TARGET_NAME)";
			};
			name = Debug;
		};
		A5FE1E201CAEAC1D00DFD739 /* Release */ = {
			isa = XCBuildConfiguration;
			buildSettings = {
				ASSETCATALOG_COMPILER_APPICON_NAME = AppIcon;
				INFOPLIST_FILE = Presidents/Info.plist;
				LD_RUNPATH_SEARCH_PATHS = "$(inherited) @executable_path/Frameworks";
				PRODUCT_BUNDLE_IDENTIFIER = pi.Presidents;
				PRODUCT_NAME = "$(TARGET_NAME)";
			};
			name = Release;
		};
/* End XCBuildConfiguration section */

/* Begin XCConfigurationList section */
		A5FE1E051CAEAC1D00DFD739 /* Build configuration list for PBXProject "Presidents" */ = {
			isa = XCConfigurationList;
			buildConfigurations = (
				A5FE1E1C1CAEAC1D00DFD739 /* Debug */,
				A5FE1E1D1CAEAC1D00DFD739 /* Release */,
			);
			defaultConfigurationIsVisible = 0;
			defaultConfigurationName = Release;
		};
		A5FE1E1E1CAEAC1D00DFD739 /* Build configuration list for PBXNativeTarget "Presidents" */ = {
			isa = XCConfigurationList;
			buildConfigurations = (
				A5FE1E1F1CAEAC1D00DFD739 /* Debug */,
				A5FE1E201CAEAC1D00DFD739 /* Release */,
			);
			defaultConfigurationIsVisible = 0;
		};
/* End XCConfigurationList section */
	};
	rootObject = A5FE1E021CAEAC1D00DFD739 /* Project object */;
}
